
Microsoft Visual Studio Solution File, Format Version 12.00
# Visual Studio 14
VisualStudioVersion = 14.0.24720.0
MinimumVisualStudioVersion = 10.0.40219.1
Project("{2150E333-8FDC-42A3-9474-1A3956D46DE8}") = "Net46", "Net46", "{D5BA642C-F5F5-4877-8149-EBEC9752ACF8}"
EndProject
Project("{FAE04EC0-301F-11D3-BF4B-00C04F79EFBC}") = "mscorlib.Rx", "Libraries\Net46\mscorlib.Rx\mscorlib.Rx.csproj", "{5834919F-D2CB-4AD5-B876-2706F83F7078}"
EndProject
Project("{FAE04EC0-301F-11D3-BF4B-00C04F79EFBC}") = "Newtonsoft.Json.Rx", "Libraries\Net46\Newtonsoft.Json.Rx\Newtonsoft.Json.Rx.csproj", "{2D196812-7168-423C-9617-9F7F87085121}"
EndProject
Project("{FAE04EC0-301F-11D3-BF4B-00C04F79EFBC}") = "Microsoft.Net.Http", "Libraries\Net46\Microsoft.Net.Http\Microsoft.Net.Http.csproj", "{EDBD1277-8CC7-4939-8BB3-93B27607D5C9}"
EndProject
Project("{2150E333-8FDC-42A3-9474-1A3956D46DE8}") = "Tests", "Tests", "{51CE120E-6E2A-4E99-A321-ADF379FCC6FB}"
EndProject
Project("{FAE04EC0-301F-11D3-BF4B-00C04F79EFBC}") = "Microsoft.Net.Http.Tests", "Libraries\Net46\Tests\Microsoft.Net.Http.Tests\Microsoft.Net.Http.Tests.csproj", "{6E15C90F-4893-4A52-B544-859D306B3CCE}"
EndProject
Project("{2150E333-8FDC-42A3-9474-1A3956D46DE8}") = "Portable", "Portable", "{8A183879-ED4F-49C8-9487-C39769DE301B}"
EndProject
Project("{FAE04EC0-301F-11D3-BF4B-00C04F79EFBC}") = "MS.Core", "Libraries\Portable\MS.Core\MS.Core\MS.Core.csproj", "{38765EF8-FC9B-43A3-BBC9-875D4D98D709}"
EndProject
Project("{2150E333-8FDC-42A3-9474-1A3956D46DE8}") = "NuGet", "NuGet", "{A85B6A7C-7E20-4A30-8F77-A931402DE0AC}"
EndProject
Project("{FF286327-C783-4F7A-AB73-9BCBAD0D4460}") = "MS.Core.NuGet", "Libraries\Portable\MS.Core\NuGet\MS.Core.NuGet\MS.Core.NuGet.nuproj", "{55500E67-CE77-4C55-BADB-75A2A728CAB8}"
EndProject
Global
	GlobalSection(SolutionConfigurationPlatforms) = preSolution
		Debug|Any CPU = Debug|Any CPU
		Release|Any CPU = Release|Any CPU
	EndGlobalSection
	GlobalSection(ProjectConfigurationPlatforms) = postSolution
		{5834919F-D2CB-4AD5-B876-2706F83F7078}.Debug|Any CPU.ActiveCfg = Debug|Any CPU
		{5834919F-D2CB-4AD5-B876-2706F83F7078}.Debug|Any CPU.Build.0 = Debug|Any CPU
		{5834919F-D2CB-4AD5-B876-2706F83F7078}.Release|Any CPU.ActiveCfg = Release|Any CPU
		{5834919F-D2CB-4AD5-B876-2706F83F7078}.Release|Any CPU.Build.0 = Release|Any CPU
		{2D196812-7168-423C-9617-9F7F87085121}.Debug|Any CPU.ActiveCfg = Debug|Any CPU
		{2D196812-7168-423C-9617-9F7F87085121}.Debug|Any CPU.Build.0 = Debug|Any CPU
		{2D196812-7168-423C-9617-9F7F87085121}.Release|Any CPU.ActiveCfg = Release|Any CPU
		{2D196812-7168-423C-9617-9F7F87085121}.Release|Any CPU.Build.0 = Release|Any CPU
		{EDBD1277-8CC7-4939-8BB3-93B27607D5C9}.Debug|Any CPU.ActiveCfg = Debug|Any CPU
		{EDBD1277-8CC7-4939-8BB3-93B27607D5C9}.Debug|Any CPU.Build.0 = Debug|Any CPU
		{EDBD1277-8CC7-4939-8BB3-93B27607D5C9}.Release|Any CPU.ActiveCfg = Release|Any CPU
		{EDBD1277-8CC7-4939-8BB3-93B27607D5C9}.Release|Any CPU.Build.0 = Release|Any CPU
		{6E15C90F-4893-4A52-B544-859D306B3CCE}.Debug|Any CPU.ActiveCfg = Debug|Any CPU
		{6E15C90F-4893-4A52-B544-859D306B3CCE}.Debug|Any CPU.Build.0 = Debug|Any CPU
		{6E15C90F-4893-4A52-B544-859D306B3CCE}.Release|Any CPU.ActiveCfg = Release|Any CPU
		{6E15C90F-4893-4A52-B544-859D306B3CCE}.Release|Any CPU.Build.0 = Release|Any CPU
		{38765EF8-FC9B-43A3-BBC9-875D4D98D709}.Debug|Any CPU.ActiveCfg = Debug|Any CPU
		{38765EF8-FC9B-43A3-BBC9-875D4D98D709}.Debug|Any CPU.Build.0 = Debug|Any CPU
		{38765EF8-FC9B-43A3-BBC9-875D4D98D709}.Release|Any CPU.ActiveCfg = Release|Any CPU
		{38765EF8-FC9B-43A3-BBC9-875D4D98D709}.Release|Any CPU.Build.0 = Release|Any CPU
		{55500E67-CE77-4C55-BADB-75A2A728CAB8}.Debug|Any CPU.ActiveCfg = Debug|Any CPU
		{55500E67-CE77-4C55-BADB-75A2A728CAB8}.Debug|Any CPU.Build.0 = Debug|Any CPU
		{55500E67-CE77-4C55-BADB-75A2A728CAB8}.Release|Any CPU.ActiveCfg = Release|Any CPU
		{55500E67-CE77-4C55-BADB-75A2A728CAB8}.Release|Any CPU.Build.0 = Release|Any CPU
	EndGlobalSection
	GlobalSection(SolutionProperties) = preSolution
		HideSolutionNode = FALSE
	EndGlobalSection
	GlobalSection(NestedProjects) = preSolution
		{5834919F-D2CB-4AD5-B876-2706F83F7078} = {D5BA642C-F5F5-4877-8149-EBEC9752ACF8}
		{2D196812-7168-423C-9617-9F7F87085121} = {D5BA642C-F5F5-4877-8149-EBEC9752ACF8}
		{EDBD1277-8CC7-4939-8BB3-93B27607D5C9} = {D5BA642C-F5F5-4877-8149-EBEC9752ACF8}
		{51CE120E-6E2A-4E99-A321-ADF379FCC6FB} = {D5BA642C-F5F5-4877-8149-EBEC9752ACF8}
		{6E15C90F-4893-4A52-B544-859D306B3CCE} = {51CE120E-6E2A-4E99-A321-ADF379FCC6FB}
		{38765EF8-FC9B-43A3-BBC9-875D4D98D709} = {8A183879-ED4F-49C8-9487-C39769DE301B}
		{A85B6A7C-7E20-4A30-8F77-A931402DE0AC} = {8A183879-ED4F-49C8-9487-C39769DE301B}
		{55500E67-CE77-4C55-BADB-75A2A728CAB8} = {A85B6A7C-7E20-4A30-8F77-A931402DE0AC}
	EndGlobalSection
EndGlobal
